{
  "version": "5",
  "specifiers": {
    "jsr:@core/iterutil@0.9": "0.9.0",
    "jsr:@core/unknownutil@4": "4.3.0",
    "jsr:@cosense/std@~0.29.14": "0.29.14",
    "jsr:@cosense/types@~0.10.7": "0.10.8",
    "jsr:@cosense/types@~0.10.8": "0.10.8",
    "jsr:@progfay/scrapbox-parser@9": "9.2.0",
    "jsr:@std/assert@^1.0.13": "1.0.13",
    "jsr:@std/async@^1.0.11": "1.0.13",
    "jsr:@std/encoding@1": "1.0.10",
    "jsr:@std/fs@^1.0.18": "1.0.18",
    "jsr:@std/html@^1.0.4": "1.0.4",
    "jsr:@std/internal@^1.0.6": "1.0.6",
    "jsr:@std/internal@^1.0.8": "1.0.8",
    "jsr:@std/path@^1.1.0": "1.1.0",
    "jsr:@std/testing@^1.0.14": "1.0.14",
    "jsr:@takker/gyazo@0.3": "0.3.0",
    "jsr:@takker/md5@0.1": "0.1.0",
    "npm:option-t@51": "51.1.1",
    "npm:option-t@^49.1.0": "49.1.0",
    "npm:option-t@^49.3.0": "49.3.0",
    "npm:socket.io-client@^4.7.5": "4.8.1",
    "npm:socket.io-client@^4.8.1": "4.8.1"
  },
  "jsr": {
    "@core/iterutil@0.9.0": {
      "integrity": "29a4ba1af8e79c2d63d96df4948bb995afb5256568401711ae97a1ef06cc67a8"
    },
    "@core/unknownutil@4.3.0": {
      "integrity": "538a3687ffa81028e91d148818047df219663d0da671d906cecd165581ae55cc"
    },
    "@cosense/std@0.29.14": {
      "integrity": "2a603abf14e557376c94232e4a4ffce7d8322da398d5c8a8abe0975687021354",
      "dependencies": [
        "jsr:@core/iterutil",
        "jsr:@core/unknownutil",
        "jsr:@cosense/types@~0.10.7",
        "jsr:@progfay/scrapbox-parser",
        "jsr:@std/async",
        "jsr:@std/encoding",
        "jsr:@takker/md5",
        "npm:option-t@51",
        "npm:socket.io-client@^4.7.5"
      ]
    },
    "@cosense/types@0.10.8": {
      "integrity": "f946efbd89459ae7bd888d589151b0020e557aabc152710db645337769d54981"
    },
    "@progfay/scrapbox-parser@9.2.0": {
      "integrity": "82ebb95e72dd0ea44547fd48e2bcb479fd2275fc26c4515598f742e5aaf6e0e5"
    },
    "@std/assert@1.0.10": {
      "integrity": "59b5cbac5bd55459a19045d95cc7c2ff787b4f8527c0dd195078ff6f9481fbb3",
      "dependencies": [
        "jsr:@std/internal@^1.0.6"
      ]
    },
    "@std/assert@1.0.13": {
      "integrity": "ae0d31e41919b12c656c742b22522c32fb26ed0cba32975cb0de2a273cb68b29",
      "dependencies": [
        "jsr:@std/internal@^1.0.6"
      ]
    },
    "@std/async@1.0.13": {
      "integrity": "1d76ca5d324aef249908f7f7fe0d39aaf53198e5420604a59ab5c035adc97c96"
    },
    "@std/encoding@1.0.10": {
      "integrity": "8783c6384a2d13abd5e9e87a7ae0520a30e9f56aeeaa3bdf910a3eaaf5c811a1"
    },
    "@std/fs@1.0.18": {
      "integrity": "24bcad99eab1af4fde75e05da6e9ed0e0dce5edb71b7e34baacf86ffe3969f3a",
      "dependencies": [
        "jsr:@std/path"
      ]
    },
    "@std/html@1.0.4": {
      "integrity": "eff3497c08164e6ada49b7f81a28b5108087033823153d065e3f89467dd3d50e"
    },
    "@std/internal@1.0.6": {
      "integrity": "9533b128f230f73bd209408bb07a4b12f8d4255ab2a4d22a1fd6d87304aca9a4"
    },
    "@std/internal@1.0.8": {
      "integrity": "fc66e846d8d38a47cffd274d80d2ca3f0de71040f855783724bb6b87f60891f5"
    },
    "@std/path@1.1.0": {
      "integrity": "ddc94f8e3c275627281cbc23341df6b8bcc874d70374f75fec2533521e3d6886"
    },
    "@std/testing@1.0.14": {
      "integrity": "144b3737105b9071cb50c957681f58a1b8ec0f3e5b19ad830f401c5fa931e8f0",
      "dependencies": [
        "jsr:@std/assert",
        "jsr:@std/fs",
        "jsr:@std/internal@^1.0.8",
        "jsr:@std/path"
      ]
    },
    "@takker/gyazo@0.3.0": {
      "integrity": "fb8d602e3d76ac95bc0dc648480ef5165e5e964ecf17a9daea8bda4c0aa0028a",
      "dependencies": [
        "npm:option-t@^49.1.0"
      ]
    },
    "@takker/md5@0.1.0": {
      "integrity": "4c423d8247aadf7bcb1eb83c727bf28c05c21906e916517395d00aa157b6eae0"
    }
  },
  "npm": {
    "@socket.io/component-emitter@3.1.2": {
      "integrity": "sha512-9BCxFwvbGg/RsZK9tjXd8s4UcwR0MWeFQ1XEKIQVVvAGJyINdrqKMcTRyLoK8Rse1GjzLV9cwjWV1olXRWEXVA=="
    },
    "debug@4.3.7": {
      "integrity": "sha512-Er2nc/H7RrMXZBFCEim6TCmMk02Z8vLC2Rbi1KEBggpo0fS6l0S1nnapwmIi3yW/+GOJap1Krg4w0Hg80oCqgQ==",
      "dependencies": [
        "ms"
      ]
    },
    "engine.io-client@6.6.2": {
      "integrity": "sha512-TAr+NKeoVTjEVW8P3iHguO1LO6RlUz9O5Y8o7EY0fU+gY1NYqas7NN3slpFtbXEsLMHk0h90fJMfKjRkQ0qUIw==",
      "dependencies": [
        "@socket.io/component-emitter",
        "debug",
        "engine.io-parser",
        "ws",
        "xmlhttprequest-ssl"
      ]
    },
    "engine.io-parser@5.2.3": {
      "integrity": "sha512-HqD3yTBfnBxIrbnM1DoD6Pcq8NECnh8d4As1Qgh0z5Gg3jRRIqijury0CL3ghu/edArpUYiYqQiDUQBIs4np3Q=="
    },
    "ms@2.1.3": {
      "integrity": "sha512-6FlzubTLZG3J2a/NVCAleEhjzq5oxgHyaCU9yYXvcLsvoVaHJq/s5xXI6/XXP6tz7R9xAOtHnSO/tXtF3WRTlA=="
    },
    "option-t@49.1.0": {
      "integrity": "sha512-K5o4+D8rSE1VcmfwrieRZWyShPxX27NEGuZPT11S4CbvjE73YUDR/sanKAYnhVRj6Hn1mKcjfhjhbOCD2ef3qg=="
    },
    "option-t@49.3.0": {
      "integrity": "sha512-MQFSbqNnjEzQahREx7r1tESmK2UctFK+zmwmnHpBHROJvoRGM9tDMWi53B6ePyFJyAiggRRV9cuXedkpLBeC8w=="
    },
    "option-t@51.1.1": {
      "integrity": "sha512-Ww13j9NVqnGpxsaSr1y0o35Xq1WcopAeJkAbk9DWlKRBgFKYLuJwEU1GzWUtkhBhRQY0st5kfdtT02JO6YqEEw=="
    },
    "socket.io-client@4.8.1": {
      "integrity": "sha512-hJVXfu3E28NmzGk8o1sHhN3om52tRvwYeidbj7xKy2eIIse5IoKX3USlS6Tqt3BHAtflLIkCQBkzVrEEfWUyYQ==",
      "dependencies": [
        "@socket.io/component-emitter",
        "debug",
        "engine.io-client",
        "socket.io-parser"
      ]
    },
    "socket.io-parser@4.2.4": {
      "integrity": "sha512-/GbIKmo8ioc+NIWIhwdecY0ge+qVBSMdgxGygevmdHj24bsfgtCmcUUcQ5ZzcylGFHsN3k4HB4Cgkl96KVnuew==",
      "dependencies": [
        "@socket.io/component-emitter",
        "debug"
      ]
    },
    "ws@8.17.1": {
      "integrity": "sha512-6XQFvXTkbfUOZOKKILFG1PDK2NDQs4azKQl26T0YS5CxqWLgXajbPZ+h4gZekJyRqFU8pvnbAbbs/3TgRPy+GQ=="
    },
    "xmlhttprequest-ssl@2.1.2": {
      "integrity": "sha512-TEU+nJVUUnA4CYJFLvK5X9AOeH4KvDvhIfm0vV1GaQRtchnG0hgK5p8hw/xjv8cunWYCsiPCSDzObPyhEwq3KQ=="
    }
  },
  "workspace": {
    "dependencies": [
      "jsr:@core/unknownutil@4",
      "jsr:@cosense/std@~0.29.14",
      "jsr:@cosense/types@~0.10.8",
      "jsr:@std/assert@^1.0.13",
      "jsr:@std/html@^1.0.4",
      "jsr:@std/testing@^1.0.14",
      "jsr:@takker/gyazo@0.3",
      "npm:option-t@^49.3.0",
      "npm:socket.io-client@^4.8.1"
    ]
  }
}
